
Microsoft Visual Studio Solution File, Format Version 12.00
Project("{FAE04EC0-301F-11D3-BF4B-00C04F79EFBC}") = "AulaAuth01", "AulaAuth01\AulaAuth01.csproj", "{0D3BB03F-AA8C-45D6-9510-AE1AE09A7E61}"
EndProject
Global
	GlobalSection(SolutionConfigurationPlatforms) = preSolution
		Debug|Any CPU = Debug|Any CPU
		Release|Any CPU = Release|Any CPU
	EndGlobalSection
	GlobalSection(ProjectConfigurationPlatforms) = postSolution
		{0D3BB03F-AA8C-45D6-9510-AE1AE09A7E61}.Debug|Any CPU.ActiveCfg = Debug|Any CPU
		{0D3BB03F-AA8C-45D6-9510-AE1AE09A7E61}.Debug|Any CPU.Build.0 = Debug|Any CPU
		{0D3BB03F-AA8C-45D6-9510-AE1AE09A7E61}.Release|Any CPU.ActiveCfg = Release|Any CPU
		{0D3BB03F-AA8C-45D6-9510-AE1AE09A7E61}.Release|Any CPU.Build.0 = Release|Any CPU
	EndGlobalSection
EndGlobal
